// !$*UTF8*$!
{
	archiveVersion = 1;
	classes = {
	};
	objectVersion = 50;
	objects = {

/* Begin PBXBuildFile section */
		2768DFCF26CCDA9D004FA292 /* AppDelegate.swift in Sources */ = {isa = PBXBuildFile; fileRef = 2768DFCE26CCDA9D004FA292 /* AppDelegate.swift */; };
		2768DFD126CCDA9D004FA292 /* SceneDelegate.swift in Sources */ = {isa = PBXBuildFile; fileRef = 2768DFD026CCDA9D004FA292 /* SceneDelegate.swift */; };
		2768DFD326CCDA9D004FA292 /* ViewController.swift in Sources */ = {isa = PBXBuildFile; fileRef = 2768DFD226CCDA9D004FA292 /* ViewController.swift */; };
		2768DFD626CCDA9D004FA292 /* Main.storyboard in Resources */ = {isa = PBXBuildFile; fileRef = 2768DFD426CCDA9D004FA292 /* Main.storyboard */; };
		2768DFD826CCDAA7004FA292 /* Assets.xcassets in Resources */ = {isa = PBXBuildFile; fileRef = 2768DFD726CCDAA7004FA292 /* Assets.xcassets */; };
		2768DFDB26CCDAA7004FA292 /* LaunchScreen.storyboard in Resources */ = {isa = PBXBuildFile; fileRef = 2768DFD926CCDAA7004FA292 /* LaunchScreen.storyboard */; };
/* End PBXBuildFile section */

/* Begin PBXFileReference section */
		2768DFCB26CCDA9D004FA292 /* IOS_Swift_SL.app */ = {isa = PBXFileReference; explicitFileType = wrapper.application; includeInIndex = 0; path = IOS_Swift_SL.app; sourceTree = BUILT_PRODUCTS_DIR; };
		2768DFCE26CCDA9D004FA292 /* AppDelegate.swift */ = {isa = PBXFileReference; lastKnownFileType = sourcecode.swift; path = AppDelegate.swift; sourceTree = "<group>"; };
		2768DFD026CCDA9D004FA292 /* SceneDelegate.swift */ = {isa = PBXFileReference; lastKnownFileType = sourcecode.swift; path = SceneDelegate.swift; sourceTree = "<group>"; };
		2768DFD226CCDA9D004FA292 /* ViewController.swift */ = {isa = PBXFileReference; lastKnownFileType = sourcecode.swift; path = ViewController.swift; sourceTree = "<group>"; };
		2768DFD526CCDA9D004FA292 /* Base */ = {isa = PBXFileReference; lastKnownFileType = file.storyboard; name = Base; path = Base.lproj/Main.storyboard; sourceTree = "<group>"; };
		2768DFD726CCDAA7004FA292 /* Assets.xcassets */ = {isa = PBXFileReference; lastKnownFileType = folder.assetcatalog; path = Assets.xcassets; sourceTree = "<group>"; };
		2768DFDA26CCDAA7004FA292 /* Base */ = {isa = PBXFileReference; lastKnownFileType = file.storyboard; name = Base; path = Base.lproj/LaunchScreen.storyboard; sourceTree = "<group>"; };
		2768DFDC26CCDAA7004FA292 /* Info.plist */ = {isa = PBXFileReference; lastKnownFileType = text.plist.xml; path = Info.plist; sourceTree = "<group>"; };
/* End PBXFileReference section */

/* Begin PBXFrameworksBuildPhase section */
		2768DFC826CCDA9D004FA292 /* Frameworks */ = {
			isa = PBXFrameworksBuildPhase;
			buildActionMask = 2147483647;
			files = (
			);
			runOnlyForDeploymentPostprocessing = 0;
		};
/* End PBXFrameworksBuildPhase section */

/* Begin PBXGroup section */
		2768DFC226CCDA9D004FA292 = {
			isa = PBXGroup;
			children = (
				2768DFCD26CCDA9D004FA292 /* IOS_Swift_SL */,
				2768DFCC26CCDA9D004FA292 /* Products */,
			);
			sourceTree = "<group>";
		};
		2768DFCC26CCDA9D004FA292 /* Products */ = {
			isa = PBXGroup;
			children = (
				2768DFCB26CCDA9D004FA292 /* IOS_Swift_SL.app */,
			);
			name = Products;
			sourceTree = "<group>";
		};
		2768DFCD26CCDA9D004FA292 /* IOS_Swift_SL */ = {
			isa = PBXGroup;
			children = (
				2768DFCE26CCDA9D004FA292 /* AppDelegate.swift */,
				2768DFD026CCDA9D004FA292 /* SceneDelegate.swift */,
				2768DFD226CCDA9D004FA292 /* ViewController.swift */,
				2768DFD426CCDA9D004FA292 /* Main.storyboard */,
				2768DFD726CCDAA7004FA292 /* Assets.xcassets */,
				2768DFD926CCDAA7004FA292 /* LaunchScreen.storyboard */,
				2768DFDC26CCDAA7004FA292 /* Info.plist */,
			);
			path = IOS_Swift_SL;
			sourceTree = "<group>";
		};
/* End PBXGroup section */

/* Begin PBXNativeTarget section */
		2768DFCA26CCDA9D004FA292 /* IOS_Swift_SL */ = {
			isa = PBXNativeTarget;
			buildConfigurationList = 2768DFDF26CCDAA7004FA292 /* Build configuration list for PBXNativeTarget "IOS_Swift_SL" */;
			buildPhases = (
				2768DFC726CCDA9D004FA292 /* Sources */,
				2768DFC826CCDA9D004FA292 /* Frameworks */,
				2768DFC926CCDA9D004FA292 /* Resources */,
			);
			buildRules = (
			);
			dependencies = (
			);
			name = IOS_Swift_SL;
			productName = IOS_Swift_SL;
			productReference = 2768DFCB26CCDA9D004FA292 /* IOS_Swift_SL.app */;
			productType = "com.apple.product-type.application";
		};
/* End PBXNativeTarget section */

/* Begin PBXProject section */
		2768DFC326CCDA9D004FA292 /* Project object */ = {
			isa = PBXProject;
			attributes = {
				LastSwiftUpdateCheck = 1240;
				LastUpgradeCheck = 1240;
				TargetAttributes = {
					2768DFCA26CCDA9D004FA292 = {
						CreatedOnToolsVersion = 12.4;
					};
				};
			};
			buildConfigurationList = 2768DFC626CCDA9D004FA292 /* Build configuration list for PBXProject "IOS_Swift_SL" */;
			compatibilityVersion = "Xcode 9.3";
			developmentRegion = en;
			hasScannedForEncodings = 0;
			knownRegions = (
				en,
				Base,
			);
			mainGroup = 2768DFC226CCDA9D004FA292;
			productRefGroup = 2768DFCC26CCDA9D004FA292 /* Products */;
			projectDirPath = "";
			projectRoot = "";
			targets = (
				2768DFCA26CCDA9D004FA292 /* IOS_Swift_SL */,
			);
		};
/* End PBXProject section */

/* Begin PBXResourcesBuildPhase section */
		2768DFC926CCDA9D004FA292 /* Resources */ = {
			isa = PBXResourcesBuildPhase;
			buildActionMask = 2147483647;
			files = (
				2768DFDB26CCDAA7004FA292 /* LaunchScreen.storyboard in Resources */,
				2768DFD826CCDAA7004FA292 /* Assets.xcassets in Resources */,
				2768DFD626CCDA9D004FA292 /* Main.storyboard in Resources */,
			);
			runOnlyForDeploymentPostprocessing = 0;
		};
/* End PBXResourcesBuildPhase section */

/* Begin PBXSourcesBuildPhase section */
		2768DFC726CCDA9D004FA292 /* Sources */ = {
			isa = PBXSourcesBuildPhase;
			buildActionMask = 2147483647;
			files = (
				2768DFD326CCDA9D004FA292 /* ViewController.swift in Sources */,
				2768DFCF26CCDA9D004FA292 /* AppDelegate.swift in Sources */,
				2768DFD126CCDA9D004FA292 /* SceneDelegate.swift in Sources */,
			);
			runOnlyForDeploymentPostprocessing = 0;
		};
/* End PBXSourcesBuildPhase section */

/* Begin PBXVariantGroup section */
		2768DFD426CCDA9D004FA292 /* Main.storyboard */ = {
			isa = PBXVariantGroup;
			children = (
				2768DFD526CCDA9D004FA292 /* Base */,
			);
			name = Main.storyboard;
			sourceTree = "<group>";
		};
		2768DFD926CCDAA7004FA292 /* LaunchScreen.storyboard */ = {
			isa = PBXVariantGroup;
			children = (
				2768DFDA26CCDAA7004FA292 /* Base */,
			);
			name = LaunchScreen.storyboard;
			sourceTree = "<group>";
		};
/* End PBXVariantGroup section */

/* Begin XCBuildConfiguration section */
		2768DFDD26CCDAA7004FA292 /* Debug */ = {
			isa = XCBuildConfiguration;
			buildSettings = {
				ALWAYS_SEARCH_USER_PATHS = NO;
				CLANG_ANALYZER_NONNULL = YES;
				CLANG_ANALYZER_NUMBER_OBJECT_CONVERSION = YES_AGGRESSIVE;
				CLANG_CXX_LANGUAGE_STANDARD = "gnu++14";
				CLANG_CXX_LIBRARY = "libc++";
				CLANG_ENABLE_MODULES = YES;
				CLANG_ENABLE_OBJC_ARC = YES;
				CLANG_ENABLE_OBJC_WEAK = YES;
				CLANG_WARN_BLOCK_CAPTURE_AUTORELEASING = YES;
				CLANG_WARN_BOOL_CONVERSION = YES;
				CLANG_WARN_COMMA = YES;
				CLANG_WARN_CONSTANT_CONVERSION = YES;
				CLANG_WARN_DEPRECATED_OBJC_IMPLEMENTATIONS = YES;
				CLANG_WARN_DIRECT_OBJC_ISA_USAGE = YES_ERROR;
				CLANG_WARN_DOCUMENTATION_COMMENTS = YES;
				CLANG_WARN_EMPTY_BODY = YES;
				CLANG_WARN_ENUM_CONVERSION = YES;
				CLANG_WARN_INFINITE_RECURSION = YES;
				CLANG_WARN_INT_CONVERSION = YES;
				CLANG_WARN_NON_LITERAL_NULL_CONVERSION = YES;
				CLANG_WARN_OBJC_IMPLICIT_RETAIN_SELF = YES;
				CLANG_WARN_OBJC_LITERAL_CONVERSION = YES;
				CLANG_WARN_OBJC_ROOT_CLASS = YES_ERROR;
				CLANG_WARN_QUOTED_INCLUDE_IN_FRAMEWORK_HEADER = YES;
				CLANG_WARN_RANGE_LOOP_ANALYSIS = YES;
				CLANG_WARN_STRICT_PROTOTYPES = YES;
				CLANG_WARN_SUSPICIOUS_MOVE = YES;
				CLANG_WARN_UNGUARDED_AVAILABILITY = YES_AGGRESSIVE;
				CLANG_WARN_UNREACHABLE_CODE = YES;
				CLANG_WARN__DUPLICATE_METHOD_MATCH = YES;
				COPY_PHASE_STRIP = NO;
				DEBUG_INFORMATION_FORMAT = dwarf;
				ENABLE_STRICT_OBJC_MSGSEND = YES;
				ENABLE_TESTABILITY = YES;
				GCC_C_LANGUAGE_STANDARD = gnu11;
				GCC_DYNAMIC_NO_PIC = NO;
				GCC_NO_COMMON_BLOCKS = YES;
				GCC_OPTIMIZATION_LEVEL = 0;
				GCC_PREPROCESSOR_DEFINITIONS = (
					"DEBUG=1",
					"$(inherited)",
				);
				GCC_WARN_64_TO_32_BIT_CONVERSION = YES;
				GCC_WARN_ABOUT_RETURN_TYPE = YES_ERROR;
				GCC_WARN_UNDECLARED_SELECTOR = YES;
				GCC_WARN_UNINITIALIZED_AUTOS = YES_AGGRESSIVE;
				GCC_WARN_UNUSED_FUNCTION = YES;
				GCC_WARN_UNUSED_VARIABLE = YES;
				IPHONEOS_DEPLOYMENT_TARGET = 14.4;
				MTL_ENABLE_DEBUG_INFO = INCLUDE_SOURCE;
				MTL_FAST_MATH = YES;
				ONLY_ACTIVE_ARCH = YES;
				SDKROOT = iphoneos;
				SWIFT_ACTIVE_COMPILATION_CONDITIONS = DEBUG;
				SWIFT_OPTIMIZATION_LEVEL = "-Onone";
			};
			name = Debug;
		};
		2768DFDE26CCDAA7004FA292 /* Release */ = {
			isa = XCBuildConfiguration;
			buildSettings = {
				ALWAYS_SEARCH_USER_PATHS = NO;
				CLANG_ANALYZER_NONNULL = YES;
				CLANG_ANALYZER_NUMBER_OBJECT_CONVERSION = YES_AGGRESSIVE;
				CLANG_CXX_LANGUAGE_STANDARD = "gnu++14";
				CLANG_CXX_LIBRARY = "libc++";
				CLANG_ENABLE_MODULES = YES;
				CLANG_ENABLE_OBJC_ARC = YES;
				CLANG_ENABLE_OBJC_WEAK = YES;
				CLANG_WARN_BLOCK_CAPTURE_AUTORELEASING = YES;
				CLANG_WARN_BOOL_CONVERSION = YES;
				CLANG_WARN_COMMA = YES;
				CLANG_WARN_CONSTANT_CONVERSION = YES;
				CLANG_WARN_DEPRECATED_OBJC_IMPLEMENTATIONS = YES;
				CLANG_WARN_DIRECT_OBJC_ISA_USAGE = YES_ERROR;
				CLANG_WARN_DOCUMENTATION_COMMENTS = YES;
				CLANG_WARN_EMPTY_BODY = YES;
				CLANG_WARN_ENUM_CONVERSION = YES;
				CLANG_WARN_INFINITE_RECURSION = YES;
				CLANG_WARN_INT_CONVERSION = YES;
				CLANG_WARN_NON_LITERAL_NULL_CONVERSION = YES;
				CLANG_WARN_OBJC_IMPLICIT_RETAIN_SELF = YES;
				CLANG_WARN_OBJC_LITERAL_CONVERSION = YES;
				CLANG_WARN_OBJC_ROOT_CLASS = YES_ERROR;
				CLANG_WARN_QUOTED_INCLUDE_IN_FRAMEWORK_HEADER = YES;
				CLANG_WARN_RANGE_LOOP_ANALYSIS = YES;
				CLANG_WARN_STRICT_PROTOTYPES = YES;
				CLANG_WARN_SUSPICIOUS_MOVE = YES;
				CLANG_WARN_UNGUARDED_AVAILABILITY = YES_AGGRESSIVE;
				CLANG_WARN_UNREACHABLE_CODE = YES;
				CLANG_WARN__DUPLICATE_METHOD_MATCH = YES;
				COPY_PHASE_STRIP = NO;
				DEBUG_INFORMATION_FORMAT = "dwarf-with-dsym";
				ENABLE_NS_ASSERTIONS = NO;
				ENABLE_STRICT_OBJC_MSGSEND = YES;
				GCC_C_LANGUAGE_STANDARD = gnu11;
				GCC_NO_COMMON_BLOCKS = YES;
				GCC_WARN_64_TO_32_BIT_CONVERSION = YES;
				GCC_WARN_ABOUT_RETURN_TYPE = YES_ERROR;
				GCC_WARN_UNDECLARED_SELECTOR = YES;
				GCC_WARN_UNINITIALIZED_AUTOS = YES_AGGRESSIVE;
				GCC_WARN_UNUSED_FUNCTION = YES;
				GCC_WARN_UNUSED_VARIABLE = YES;
				IPHONEOS_DEPLOYMENT_TARGET = 14.4;
				MTL_ENABLE_DEBUG_INFO = NO;
				MTL_FAST_MATH = YES;
				SDKROOT = iphoneos;
				SWIFT_COMPILATION_MODE = wholemodule;
				SWIFT_OPTIMIZATION_LEVEL = "-O";
				VALIDATE_PRODUCT = YES;
			};
			name = Release;
		};
		2768DFE026CCDAA7004FA292 /* Debug */ = {
			isa = XCBuildConfiguration;
			buildSettings = {
				ASSETCATALOG_COMPILER_APPICON_NAME = AppIcon;
				ASSETCATALOG_COMPILER_GLOBAL_ACCENT_COLOR_NAME = AccentColor;
				CODE_SIGN_STYLE = Automatic;
				DEVELOPMENT_TEAM = X86L5A5P2C;
				INFOPLIST_FILE = IOS_Swift_SL/Info.plist;
				LD_RUNPATH_SEARCH_PATHS = (
					"$(inherited)",
					"@executable_path/Frameworks",
				);
				PRODUCT_BUNDLE_IDENTIFIER = "com.tianrui.IOS-Swift-SL";
				PRODUCT_NAME = "$(TARGET_NAME)";
				SWIFT_VERSION = 5.0;
				TARGETED_DEVICE_FAMILY = "1,2";
			};
			name = Debug;
		};
		2768DFE126CCDAA7004FA292 /* Release */ = {
			isa = XCBuildConfiguration;
			buildSettings = {
				ASSETCATALOG_COMPILER_APPICON_NAME = AppIcon;
				ASSETCATALOG_COMPILER_GLOBAL_ACCENT_COLOR_NAME = AccentColor;
				CODE_SIGN_STYLE = Automatic;
				DEVELOPMENT_TEAM = X86L5A5P2C;
				INFOPLIST_FILE = IOS_Swift_SL/Info.plist;
				LD_RUNPATH_SEARCH_PATHS = (
					"$(inherited)",
					"@executable_path/Frameworks",
				);
				PRODUCT_BUNDLE_IDENTIFIER = "com.tianrui.IOS-Swift-SL";
				PRODUCT_NAME = "$(TARGET_NAME)";
				SWIFT_VERSION = 5.0;
				TARGETED_DEVICE_FAMILY = "1,2";
			};
			name = Release;
		};
/* End XCBuildConfiguration section */

/* Begin XCConfigurationList section */
		2768DFC626CCDA9D004FA292 /* Build configuration list for PBXProject "IOS_Swift_SL" */ = {
			isa = XCConfigurationList;
			buildConfigurations = (
				2768DFDD26CCDAA7004FA292 /* Debug */,
				2768DFDE26CCDAA7004FA292 /* Release */,
			);
			defaultConfigurationIsVisible = 0;
			defaultConfigurationName = Release;
		};
		2768DFDF26CCDAA7004FA292 /* Build configuration list for PBXNativeTarget "IOS_Swift_SL" */ = {
			isa = XCConfigurationList;
			buildConfigurations = (
				2768DFE026CCDAA7004FA292 /* Debug */,
				2768DFE126CCDAA7004FA292 /* Release */,
			);
			defaultConfigurationIsVisible = 0;
			defaultConfigurationName = Release;
		};
/* End XCConfigurationList section */
	};
	rootObject = 2768DFC326CCDA9D004FA292 /* Project object */;
}
